
Microsoft Visual Studio Solution File, Format Version 12.00
# Visual Studio 14
VisualStudioVersion = 14.0.25420.1
MinimumVisualStudioVersion = 10.0.40219.1
Project("{FAE04EC0-301F-11D3-BF4B-00C04F79EFBC}") = "MusicStore.Business", "MusicStore.Business\MusicStore.Business.csproj", "{F001219E-FF0F-4D01-A37B-EFA8ED61B969}"
	ProjectSection(ProjectDependencies) = postProject
		{ABB205D9-8C1E-4C10-B683-E79633552DAE} = {ABB205D9-8C1E-4C10-B683-E79633552DAE}
	EndProjectSection
EndProject
Project("{FAE04EC0-301F-11D3-BF4B-00C04F79EFBC}") = "MusicStore.Repository", "MusicStore.Repository\MusicStore.Repository.csproj", "{CA28A8F2-ED04-424B-9FB8-C8794EEE7524}"
	ProjectSection(ProjectDependencies) = postProject
		{ABB205D9-8C1E-4C10-B683-E79633552DAE} = {ABB205D9-8C1E-4C10-B683-E79633552DAE}
	EndProjectSection
EndProject
Project("{FAE04EC0-301F-11D3-BF4B-00C04F79EFBC}") = "MusicStore.Entities", "MusicStore.Entities\MusicStore.Entities.csproj", "{ABB205D9-8C1E-4C10-B683-E79633552DAE}"
EndProject
Project("{FAE04EC0-301F-11D3-BF4B-00C04F79EFBC}") = "MusicStore", "MusicStore\MusicStore.csproj", "{01E6F414-2274-45DD-899A-7576A8852387}"
	ProjectSection(ProjectDependencies) = postProject
		{ABB205D9-8C1E-4C10-B683-E79633552DAE} = {ABB205D9-8C1E-4C10-B683-E79633552DAE}
		{CA28A8F2-ED04-424B-9FB8-C8794EEE7524} = {CA28A8F2-ED04-424B-9FB8-C8794EEE7524}
	EndProjectSection
EndProject
Project("{2150E333-8FDC-42A3-9474-1A3956D46DE8}") = "UnitTests", "UnitTests", "{D4F16AD2-E901-4A9D-B407-6B235D78DB69}"
EndProject
Project("{FAE04EC0-301F-11D3-BF4B-00C04F79EFBC}") = "MusicStore.Business.Tests", "MusicStore.Business.Tests\MusicStore.Business.Tests.csproj", "{B4D25FCD-D2AF-42BE-BA80-D5494CF16B11}"
	ProjectSection(ProjectDependencies) = postProject
		{CA28A8F2-ED04-424B-9FB8-C8794EEE7524} = {CA28A8F2-ED04-424B-9FB8-C8794EEE7524}
	EndProjectSection
EndProject
Global
	GlobalSection(SolutionConfigurationPlatforms) = preSolution
		Debug|Any CPU = Debug|Any CPU
		Release|Any CPU = Release|Any CPU
	EndGlobalSection
	GlobalSection(ProjectConfigurationPlatforms) = postSolution
		{F001219E-FF0F-4D01-A37B-EFA8ED61B969}.Debug|Any CPU.ActiveCfg = Debug|Any CPU
		{F001219E-FF0F-4D01-A37B-EFA8ED61B969}.Debug|Any CPU.Build.0 = Debug|Any CPU
		{F001219E-FF0F-4D01-A37B-EFA8ED61B969}.Release|Any CPU.ActiveCfg = Release|Any CPU
		{F001219E-FF0F-4D01-A37B-EFA8ED61B969}.Release|Any CPU.Build.0 = Release|Any CPU
		{CA28A8F2-ED04-424B-9FB8-C8794EEE7524}.Debug|Any CPU.ActiveCfg = Debug|Any CPU
		{CA28A8F2-ED04-424B-9FB8-C8794EEE7524}.Debug|Any CPU.Build.0 = Debug|Any CPU
		{CA28A8F2-ED04-424B-9FB8-C8794EEE7524}.Release|Any CPU.ActiveCfg = Release|Any CPU
		{CA28A8F2-ED04-424B-9FB8-C8794EEE7524}.Release|Any CPU.Build.0 = Release|Any CPU
		{ABB205D9-8C1E-4C10-B683-E79633552DAE}.Debug|Any CPU.ActiveCfg = Debug|Any CPU
		{ABB205D9-8C1E-4C10-B683-E79633552DAE}.Debug|Any CPU.Build.0 = Debug|Any CPU
		{ABB205D9-8C1E-4C10-B683-E79633552DAE}.Release|Any CPU.ActiveCfg = Release|Any CPU
		{ABB205D9-8C1E-4C10-B683-E79633552DAE}.Release|Any CPU.Build.0 = Release|Any CPU
		{01E6F414-2274-45DD-899A-7576A8852387}.Debug|Any CPU.ActiveCfg = Debug|Any CPU
		{01E6F414-2274-45DD-899A-7576A8852387}.Debug|Any CPU.Build.0 = Debug|Any CPU
		{01E6F414-2274-45DD-899A-7576A8852387}.Release|Any CPU.ActiveCfg = Release|Any CPU
		{01E6F414-2274-45DD-899A-7576A8852387}.Release|Any CPU.Build.0 = Release|Any CPU
		{B4D25FCD-D2AF-42BE-BA80-D5494CF16B11}.Debug|Any CPU.ActiveCfg = Debug|Any CPU
		{B4D25FCD-D2AF-42BE-BA80-D5494CF16B11}.Debug|Any CPU.Build.0 = Debug|Any CPU
		{B4D25FCD-D2AF-42BE-BA80-D5494CF16B11}.Release|Any CPU.ActiveCfg = Release|Any CPU
		{B4D25FCD-D2AF-42BE-BA80-D5494CF16B11}.Release|Any CPU.Build.0 = Release|Any CPU
	EndGlobalSection
	GlobalSection(SolutionProperties) = preSolution
		HideSolutionNode = FALSE
	EndGlobalSection
	GlobalSection(NestedProjects) = preSolution
		{B4D25FCD-D2AF-42BE-BA80-D5494CF16B11} = {D4F16AD2-E901-4A9D-B407-6B235D78DB69}
	EndGlobalSection
EndGlobal
